// !$*UTF8*$!
{
	archiveVersion = 1;
	classes = {
	};
	objectVersion = 56;
	objects = {

/* Begin PBXBuildFile section */
		1146036D2A09DFA900BCA7F2 /* LoverDetail.swift in Sources */ = {isa = PBXBuildFile; fileRef = 1146036C2A09DFA900BCA7F2 /* LoverDetail.swift */; };
		1146036F2A09F3EC00BCA7F2 /* Questions.swift in Sources */ = {isa = PBXBuildFile; fileRef = 1146036E2A09F3EC00BCA7F2 /* Questions.swift */; };
		114603732A0A918000BCA7F2 /* EnvelopeCarouseView.swift in Sources */ = {isa = PBXBuildFile; fileRef = 114603722A0A918000BCA7F2 /* EnvelopeCarouseView.swift */; };
		3D221BD92A07B26C00501A18 /* MC2_Team7_FighringApp.swift in Sources */ = {isa = PBXBuildFile; fileRef = 3D221BD82A07B26C00501A18 /* MC2_Team7_FighringApp.swift */; };
		3D221BDB2A07B26C00501A18 /* ContentView.swift in Sources */ = {isa = PBXBuildFile; fileRef = 3D221BDA2A07B26C00501A18 /* ContentView.swift */; };
		3D221BDD2A07B26D00501A18 /* Assets.xcassets in Resources */ = {isa = PBXBuildFile; fileRef = 3D221BDC2A07B26D00501A18 /* Assets.xcassets */; };
		3D221BE02A07B26D00501A18 /* Preview Assets.xcassets in Resources */ = {isa = PBXBuildFile; fileRef = 3D221BDF2A07B26D00501A18 /* Preview Assets.xcassets */; };
		3D221BEF2A07B5AA00501A18 /* LoverHome.swift in Sources */ = {isa = PBXBuildFile; fileRef = 3D221BEE2A07B5AA00501A18 /* LoverHome.swift */; };
		3D221BF12A07B5F600501A18 /* ResultHome.swift in Sources */ = {isa = PBXBuildFile; fileRef = 3D221BF02A07B5F600501A18 /* ResultHome.swift */; };
		3D221C052A0886CF00501A18 /* LockedResult.swift in Sources */ = {isa = PBXBuildFile; fileRef = 3D221C042A0886CF00501A18 /* LockedResult.swift */; };
		3D221C072A0889BC00501A18 /* MyResultSheet.swift in Sources */ = {isa = PBXBuildFile; fileRef = 3D221C062A0889BC00501A18 /* MyResultSheet.swift */; };
		3D221C092A088D8400501A18 /* TestMain.swift in Sources */ = {isa = PBXBuildFile; fileRef = 3D221C082A088D8400501A18 /* TestMain.swift */; };
		3D221C0B2A08903000501A18 /* FrontCardView.swift in Sources */ = {isa = PBXBuildFile; fileRef = 3D221C0A2A08903000501A18 /* FrontCardView.swift */; };
		3D221C0D2A0895DD00501A18 /* OtherSheet.swift in Sources */ = {isa = PBXBuildFile; fileRef = 3D221C0C2A0895DD00501A18 /* OtherSheet.swift */; };
		3D221C0F2A089ADE00501A18 /* LoadingView.swift in Sources */ = {isa = PBXBuildFile; fileRef = 3D221C0E2A089ADE00501A18 /* LoadingView.swift */; };
		3D221C112A089EE700501A18 /* TestSheet.swift in Sources */ = {isa = PBXBuildFile; fileRef = 3D221C102A089EE700501A18 /* TestSheet.swift */; };
		3D221C132A08CC6100501A18 /* BackCardView.swift in Sources */ = {isa = PBXBuildFile; fileRef = 3D221C122A08CC6100501A18 /* BackCardView.swift */; };
		3D87BD622A0A550C004B2C08 /* TypeData.swift in Sources */ = {isa = PBXBuildFile; fileRef = 3D87BD612A0A550C004B2C08 /* TypeData.swift */; };
		6C11F0BF2A08A107004D60A0 /* DailyTest.swift in Sources */ = {isa = PBXBuildFile; fileRef = 6C11F0BE2A08A107004D60A0 /* DailyTest.swift */; };
		AEA059DC2A088E7600DEE144 /* MainView.swift in Sources */ = {isa = PBXBuildFile; fileRef = AEA059DB2A088E7600DEE144 /* MainView.swift */; };
		AEA059DE2A08900F00DEE144 /* CouponView.swift in Sources */ = {isa = PBXBuildFile; fileRef = AEA059DD2A08900F00DEE144 /* CouponView.swift */; };
		AEA059E02A08A1C300DEE144 /* LockView.swift in Sources */ = {isa = PBXBuildFile; fileRef = AEA059DF2A08A1C300DEE144 /* LockView.swift */; };
		AEA059E22A08CE4E00DEE144 /* LetterView.swift in Sources */ = {isa = PBXBuildFile; fileRef = AEA059E12A08CE4E00DEE144 /* LetterView.swift */; };
		AEF2EDD42A09E8F500C3CF98 /* QuestionModel.xcdatamodeld in Sources */ = {isa = PBXBuildFile; fileRef = AEF2EDD22A09E8F500C3CF98 /* QuestionModel.xcdatamodeld */; };
		AEF2EDD62A09EA0D00C3CF98 /* DataController.swift in Sources */ = {isa = PBXBuildFile; fileRef = AEF2EDD52A09EA0D00C3CF98 /* DataController.swift */; };
		CD8CE9412A0A988000E46FCE /* CodeShare.swift in Sources */ = {isa = PBXBuildFile; fileRef = CD8CE9402A0A988000E46FCE /* CodeShare.swift */; };
		CDAE7E3F2A088E1700B1D2C3 /* OnBoardingMainView.swift in Sources */ = {isa = PBXBuildFile; fileRef = CDAE7E3E2A088E1700B1D2C3 /* OnBoardingMainView.swift */; };
		CDAE7E412A08914400B1D2C3 /* OnBoardingView1.swift in Sources */ = {isa = PBXBuildFile; fileRef = CDAE7E402A08914400B1D2C3 /* OnBoardingView1.swift */; };
		CDAE7E432A08914A00B1D2C3 /* OnBoardingView2.swift in Sources */ = {isa = PBXBuildFile; fileRef = CDAE7E422A08914A00B1D2C3 /* OnBoardingView2.swift */; };
		CDAE7E452A08A50800B1D2C3 /* OnBoardingNameView.swift in Sources */ = {isa = PBXBuildFile; fileRef = CDAE7E442A08A50800B1D2C3 /* OnBoardingNameView.swift */; };
		CDAE7E4B2A08D68400B1D2C3 /* OnBoardingView0.swift in Sources */ = {isa = PBXBuildFile; fileRef = CDAE7E4A2A08D68400B1D2C3 /* OnBoardingView0.swift */; };
		CDAE7E4D2A094C1200B1D2C3 /* EmotionSelectView.swift in Sources */ = {isa = PBXBuildFile; fileRef = CDAE7E4C2A094C1200B1D2C3 /* EmotionSelectView.swift */; };
		CDAE7E4F2A0963A200B1D2C3 /* EmotionCarouselView.swift in Sources */ = {isa = PBXBuildFile; fileRef = CDAE7E4E2A0963A200B1D2C3 /* EmotionCarouselView.swift */; };
		CDAE7E512A0963E800B1D2C3 /* Emotion.swift in Sources */ = {isa = PBXBuildFile; fileRef = CDAE7E502A0963E800B1D2C3 /* Emotion.swift */; };
/* End PBXBuildFile section */

/* Begin PBXFileReference section */
		1146036C2A09DFA900BCA7F2 /* LoverDetail.swift */ = {isa = PBXFileReference; lastKnownFileType = sourcecode.swift; path = LoverDetail.swift; sourceTree = "<group>"; };
		1146036E2A09F3EC00BCA7F2 /* Questions.swift */ = {isa = PBXFileReference; lastKnownFileType = sourcecode.swift; name = Questions.swift; path = "MC2-Team7-Fighring/Views/Lover/Questions.swift"; sourceTree = SOURCE_ROOT; };
		114603722A0A918000BCA7F2 /* EnvelopeCarouseView.swift */ = {isa = PBXFileReference; lastKnownFileType = sourcecode.swift; path = EnvelopeCarouseView.swift; sourceTree = "<group>"; };
		3D221BD52A07B26C00501A18 /* MC2-Team7-Fighring.app */ = {isa = PBXFileReference; explicitFileType = wrapper.application; includeInIndex = 0; path = "MC2-Team7-Fighring.app"; sourceTree = BUILT_PRODUCTS_DIR; };
		3D221BD82A07B26C00501A18 /* MC2_Team7_FighringApp.swift */ = {isa = PBXFileReference; lastKnownFileType = sourcecode.swift; path = MC2_Team7_FighringApp.swift; sourceTree = "<group>"; };
		3D221BDA2A07B26C00501A18 /* ContentView.swift */ = {isa = PBXFileReference; lastKnownFileType = sourcecode.swift; path = ContentView.swift; sourceTree = "<group>"; };
		3D221BDC2A07B26D00501A18 /* Assets.xcassets */ = {isa = PBXFileReference; lastKnownFileType = folder.assetcatalog; path = Assets.xcassets; sourceTree = "<group>"; };
		3D221BDF2A07B26D00501A18 /* Preview Assets.xcassets */ = {isa = PBXFileReference; lastKnownFileType = folder.assetcatalog; path = "Preview Assets.xcassets"; sourceTree = "<group>"; };
		3D221BEE2A07B5AA00501A18 /* LoverHome.swift */ = {isa = PBXFileReference; lastKnownFileType = sourcecode.swift; path = LoverHome.swift; sourceTree = "<group>"; };
		3D221BF02A07B5F600501A18 /* ResultHome.swift */ = {isa = PBXFileReference; lastKnownFileType = sourcecode.swift; path = ResultHome.swift; sourceTree = "<group>"; };
		3D221C042A0886CF00501A18 /* LockedResult.swift */ = {isa = PBXFileReference; lastKnownFileType = sourcecode.swift; path = LockedResult.swift; sourceTree = "<group>"; };
		3D221C062A0889BC00501A18 /* MyResultSheet.swift */ = {isa = PBXFileReference; lastKnownFileType = sourcecode.swift; path = MyResultSheet.swift; sourceTree = "<group>"; };
		3D221C082A088D8400501A18 /* TestMain.swift */ = {isa = PBXFileReference; lastKnownFileType = sourcecode.swift; path = TestMain.swift; sourceTree = "<group>"; };
		3D221C0A2A08903000501A18 /* FrontCardView.swift */ = {isa = PBXFileReference; lastKnownFileType = sourcecode.swift; path = FrontCardView.swift; sourceTree = "<group>"; };
		3D221C0C2A0895DD00501A18 /* OtherSheet.swift */ = {isa = PBXFileReference; lastKnownFileType = sourcecode.swift; path = OtherSheet.swift; sourceTree = "<group>"; };
		3D221C0E2A089ADE00501A18 /* LoadingView.swift */ = {isa = PBXFileReference; lastKnownFileType = sourcecode.swift; path = LoadingView.swift; sourceTree = "<group>"; };
		3D221C102A089EE700501A18 /* TestSheet.swift */ = {isa = PBXFileReference; lastKnownFileType = sourcecode.swift; path = TestSheet.swift; sourceTree = "<group>"; };
		3D221C122A08CC6100501A18 /* BackCardView.swift */ = {isa = PBXFileReference; lastKnownFileType = sourcecode.swift; path = BackCardView.swift; sourceTree = "<group>"; };
		3D87BD612A0A550C004B2C08 /* TypeData.swift */ = {isa = PBXFileReference; lastKnownFileType = sourcecode.swift; path = TypeData.swift; sourceTree = "<group>"; };
		6C11F0BE2A08A107004D60A0 /* DailyTest.swift */ = {isa = PBXFileReference; lastKnownFileType = sourcecode.swift; path = DailyTest.swift; sourceTree = "<group>"; };
		AEA059DB2A088E7600DEE144 /* MainView.swift */ = {isa = PBXFileReference; lastKnownFileType = sourcecode.swift; path = MainView.swift; sourceTree = "<group>"; };
		AEA059DD2A08900F00DEE144 /* CouponView.swift */ = {isa = PBXFileReference; lastKnownFileType = sourcecode.swift; path = CouponView.swift; sourceTree = "<group>"; };
		AEA059DF2A08A1C300DEE144 /* LockView.swift */ = {isa = PBXFileReference; lastKnownFileType = sourcecode.swift; path = LockView.swift; sourceTree = "<group>"; };
		AEA059E12A08CE4E00DEE144 /* LetterView.swift */ = {isa = PBXFileReference; lastKnownFileType = sourcecode.swift; path = LetterView.swift; sourceTree = "<group>"; };
		AEF2EDD32A09E8F500C3CF98 /* QuestionModel.xcdatamodel */ = {isa = PBXFileReference; lastKnownFileType = wrapper.xcdatamodel; path = QuestionModel.xcdatamodel; sourceTree = "<group>"; };
		AEF2EDD52A09EA0D00C3CF98 /* DataController.swift */ = {isa = PBXFileReference; lastKnownFileType = sourcecode.swift; path = DataController.swift; sourceTree = "<group>"; };
		CD8CE9402A0A988000E46FCE /* CodeShare.swift */ = {isa = PBXFileReference; lastKnownFileType = sourcecode.swift; path = CodeShare.swift; sourceTree = "<group>"; };
		CDAE7E3E2A088E1700B1D2C3 /* OnBoardingMainView.swift */ = {isa = PBXFileReference; lastKnownFileType = sourcecode.swift; path = OnBoardingMainView.swift; sourceTree = "<group>"; };
		CDAE7E402A08914400B1D2C3 /* OnBoardingView1.swift */ = {isa = PBXFileReference; lastKnownFileType = sourcecode.swift; path = OnBoardingView1.swift; sourceTree = "<group>"; };
		CDAE7E422A08914A00B1D2C3 /* OnBoardingView2.swift */ = {isa = PBXFileReference; lastKnownFileType = sourcecode.swift; path = OnBoardingView2.swift; sourceTree = "<group>"; };
		CDAE7E442A08A50800B1D2C3 /* OnBoardingNameView.swift */ = {isa = PBXFileReference; lastKnownFileType = sourcecode.swift; path = OnBoardingNameView.swift; sourceTree = "<group>"; };
		CDAE7E4A2A08D68400B1D2C3 /* OnBoardingView0.swift */ = {isa = PBXFileReference; lastKnownFileType = sourcecode.swift; path = OnBoardingView0.swift; sourceTree = "<group>"; };
		CDAE7E4C2A094C1200B1D2C3 /* EmotionSelectView.swift */ = {isa = PBXFileReference; lastKnownFileType = sourcecode.swift; path = EmotionSelectView.swift; sourceTree = "<group>"; };
		CDAE7E4E2A0963A200B1D2C3 /* EmotionCarouselView.swift */ = {isa = PBXFileReference; lastKnownFileType = sourcecode.swift; path = EmotionCarouselView.swift; sourceTree = "<group>"; };
		CDAE7E502A0963E800B1D2C3 /* Emotion.swift */ = {isa = PBXFileReference; lastKnownFileType = sourcecode.swift; name = Emotion.swift; path = "MC2-Team7-Fighring/Views/My/Emotion.swift"; sourceTree = SOURCE_ROOT; };
/* End PBXFileReference section */

/* Begin PBXFrameworksBuildPhase section */
		3D221BD22A07B26C00501A18 /* Frameworks */ = {
			isa = PBXFrameworksBuildPhase;
			buildActionMask = 2147483647;
			files = (
			);
			runOnlyForDeploymentPostprocessing = 0;
		};
/* End PBXFrameworksBuildPhase section */

/* Begin PBXGroup section */
		3D221BCC2A07B26C00501A18 = {
			isa = PBXGroup;
			children = (
				3D221BD72A07B26C00501A18 /* MC2-Team7-Fighring */,
				3D221BD62A07B26C00501A18 /* Products */,
			);
			sourceTree = "<group>";
		};
		3D221BD62A07B26C00501A18 /* Products */ = {
			isa = PBXGroup;
			children = (
				3D221BD52A07B26C00501A18 /* MC2-Team7-Fighring.app */,
			);
			name = Products;
			sourceTree = "<group>";
		};
		3D221BD72A07B26C00501A18 /* MC2-Team7-Fighring */ = {
			isa = PBXGroup;
			children = (
				AEF2EDD12A09E8DD00C3CF98 /* DataModel */,
				3D221BD82A07B26C00501A18 /* MC2_Team7_FighringApp.swift */,
				3D221BE62A07B37600501A18 /* Views */,
				3D221BE82A07B3B900501A18 /* Model */,
				3D221BE72A07B38400501A18 /* Resources */,
				3D221BDC2A07B26D00501A18 /* Assets.xcassets */,
				3D221BDE2A07B26D00501A18 /* Preview Content */,
			);
			path = "MC2-Team7-Fighring";
			sourceTree = "<group>";
		};
		3D221BDE2A07B26D00501A18 /* Preview Content */ = {
			isa = PBXGroup;
			children = (
				3D221BDF2A07B26D00501A18 /* Preview Assets.xcassets */,
			);
			path = "Preview Content";
			sourceTree = "<group>";
		};
		3D221BE62A07B37600501A18 /* Views */ = {
			isa = PBXGroup;
			children = (
				3D221BDA2A07B26C00501A18 /* ContentView.swift */,
				CDAE7E3D2A088BED00B1D2C3 /* OnBoardingView */,
				3D221BE92A07B55900501A18 /* My */,
				3D221BEA2A07B57200501A18 /* Lover */,
				3D221BEB2A07B58800501A18 /* Result */,
			);
			path = Views;
			sourceTree = "<group>";
		};
		3D221BE72A07B38400501A18 /* Resources */ = {
			isa = PBXGroup;
			children = (
				1146036E2A09F3EC00BCA7F2 /* Questions.swift */,
				3D87BD612A0A550C004B2C08 /* TypeData.swift */,
			);
			path = Resources;
			sourceTree = "<group>";
		};
		3D221BE82A07B3B900501A18 /* Model */ = {
			isa = PBXGroup;
			children = (
				CDAE7E502A0963E800B1D2C3 /* Emotion.swift */,
			);
			path = Model;
			sourceTree = "<group>";
		};
		3D221BE92A07B55900501A18 /* My */ = {
			isa = PBXGroup;
			children = (
				AEA059E12A08CE4E00DEE144 /* LetterView.swift */,
				CD8CE9402A0A988000E46FCE /* CodeShare.swift */,
				AEA059DB2A088E7600DEE144 /* MainView.swift */,
				AEA059DD2A08900F00DEE144 /* CouponView.swift */,
				AEA059DF2A08A1C300DEE144 /* LockView.swift */,
				6C11F0BE2A08A107004D60A0 /* DailyTest.swift */,
				CDAE7E522A09654E00B1D2C3 /* EmotionSelectionViews */,
			);
			path = My;
			sourceTree = "<group>";
		};
		3D221BEA2A07B57200501A18 /* Lover */ = {
			isa = PBXGroup;
			children = (
				3D221BEE2A07B5AA00501A18 /* LoverHome.swift */,
				1146036C2A09DFA900BCA7F2 /* LoverDetail.swift */,
				114603722A0A918000BCA7F2 /* EnvelopeCarouseView.swift */,
			);
			path = Lover;
			sourceTree = "<group>";
		};
		3D221BEB2A07B58800501A18 /* Result */ = {
			isa = PBXGroup;
			children = (
				3D221BF02A07B5F600501A18 /* ResultHome.swift */,
				3D221C152A08CCEE00501A18 /* ResultSheetViews */,
				3D221C142A08CCC800501A18 /* TestViews */,
			);
			path = Result;
			sourceTree = "<group>";
		};
		3D221C142A08CCC800501A18 /* TestViews */ = {
			isa = PBXGroup;
			children = (
				3D221C082A088D8400501A18 /* TestMain.swift */,
				3D221C0A2A08903000501A18 /* FrontCardView.swift */,
				3D221C122A08CC6100501A18 /* BackCardView.swift */,
				3D221C102A089EE700501A18 /* TestSheet.swift */,
				3D221C0C2A0895DD00501A18 /* OtherSheet.swift */,
			);
			path = TestViews;
			sourceTree = "<group>";
		};
		3D221C152A08CCEE00501A18 /* ResultSheetViews */ = {
			isa = PBXGroup;
			children = (
				3D221C042A0886CF00501A18 /* LockedResult.swift */,
				3D221C0E2A089ADE00501A18 /* LoadingView.swift */,
				3D221C062A0889BC00501A18 /* MyResultSheet.swift */,
			);
			path = ResultSheetViews;
			sourceTree = "<group>";
		};
		AEF2EDD12A09E8DD00C3CF98 /* DataModel */ = {
			isa = PBXGroup;
			children = (
				AEF2EDD22A09E8F500C3CF98 /* QuestionModel.xcdatamodeld */,
				AEF2EDD52A09EA0D00C3CF98 /* DataController.swift */,
			);
			path = DataModel;
			sourceTree = "<group>";
		};
		CDAE7E3D2A088BED00B1D2C3 /* OnBoardingView */ = {
			isa = PBXGroup;
			children = (
				CDAE7E3E2A088E1700B1D2C3 /* OnBoardingMainView.swift */,
				CDAE7E4A2A08D68400B1D2C3 /* OnBoardingView0.swift */,
				CDAE7E402A08914400B1D2C3 /* OnBoardingView1.swift */,
				CDAE7E422A08914A00B1D2C3 /* OnBoardingView2.swift */,
				CDAE7E442A08A50800B1D2C3 /* OnBoardingNameView.swift */,
			);
			path = OnBoardingView;
			sourceTree = "<group>";
		};
		CDAE7E522A09654E00B1D2C3 /* EmotionSelectionViews */ = {
			isa = PBXGroup;
			children = (
				CDAE7E4C2A094C1200B1D2C3 /* EmotionSelectView.swift */,
				CDAE7E4E2A0963A200B1D2C3 /* EmotionCarouselView.swift */,
			);
			path = EmotionSelectionViews;
			sourceTree = "<group>";
		};
/* End PBXGroup section */

/* Begin PBXNativeTarget section */
		3D221BD42A07B26C00501A18 /* MC2-Team7-Fighring */ = {
			isa = PBXNativeTarget;
			buildConfigurationList = 3D221BE32A07B26D00501A18 /* Build configuration list for PBXNativeTarget "MC2-Team7-Fighring" */;
			buildPhases = (
				3D221BD12A07B26C00501A18 /* Sources */,
				3D221BD22A07B26C00501A18 /* Frameworks */,
				3D221BD32A07B26C00501A18 /* Resources */,
			);
			buildRules = (
			);
			dependencies = (
			);
			name = "MC2-Team7-Fighring";
			productName = "MC2-Team7-Fighring";
			productReference = 3D221BD52A07B26C00501A18 /* MC2-Team7-Fighring.app */;
			productType = "com.apple.product-type.application";
		};
/* End PBXNativeTarget section */

/* Begin PBXProject section */
		3D221BCD2A07B26C00501A18 /* Project object */ = {
			isa = PBXProject;
			attributes = {
				BuildIndependentTargetsInParallel = 1;
				LastSwiftUpdateCheck = 1420;
				LastUpgradeCheck = 1430;
				TargetAttributes = {
					3D221BD42A07B26C00501A18 = {
						CreatedOnToolsVersion = 14.2;
					};
				};
			};
			buildConfigurationList = 3D221BD02A07B26C00501A18 /* Build configuration list for PBXProject "MC2-Team7-Fighring" */;
			compatibilityVersion = "Xcode 14.0";
			developmentRegion = en;
			hasScannedForEncodings = 0;
			knownRegions = (
				en,
				Base,
			);
			mainGroup = 3D221BCC2A07B26C00501A18;
			productRefGroup = 3D221BD62A07B26C00501A18 /* Products */;
			projectDirPath = "";
			projectRoot = "";
			targets = (
				3D221BD42A07B26C00501A18 /* MC2-Team7-Fighring */,
			);
		};
/* End PBXProject section */

/* Begin PBXResourcesBuildPhase section */
		3D221BD32A07B26C00501A18 /* Resources */ = {
			isa = PBXResourcesBuildPhase;
			buildActionMask = 2147483647;
			files = (
				3D221BE02A07B26D00501A18 /* Preview Assets.xcassets in Resources */,
				3D221BDD2A07B26D00501A18 /* Assets.xcassets in Resources */,
			);
			runOnlyForDeploymentPostprocessing = 0;
		};
/* End PBXResourcesBuildPhase section */

/* Begin PBXSourcesBuildPhase section */
		3D221BD12A07B26C00501A18 /* Sources */ = {
			isa = PBXSourcesBuildPhase;
			buildActionMask = 2147483647;
			files = (
				CDAE7E432A08914A00B1D2C3 /* OnBoardingView2.swift in Sources */,
				3D221BF12A07B5F600501A18 /* ResultHome.swift in Sources */,
				CDAE7E452A08A50800B1D2C3 /* OnBoardingNameView.swift in Sources */,
				1146036F2A09F3EC00BCA7F2 /* Questions.swift in Sources */,
				CDAE7E4B2A08D68400B1D2C3 /* OnBoardingView0.swift in Sources */,
				CD8CE9412A0A988000E46FCE /* CodeShare.swift in Sources */,
				CDAE7E412A08914400B1D2C3 /* OnBoardingView1.swift in Sources */,
				3D221C0D2A0895DD00501A18 /* OtherSheet.swift in Sources */,
				AEA059DC2A088E7600DEE144 /* MainView.swift in Sources */,
				AEA059E02A08A1C300DEE144 /* LockView.swift in Sources */,
				3D221BDB2A07B26C00501A18 /* ContentView.swift in Sources */,
				AEA059DE2A08900F00DEE144 /* CouponView.swift in Sources */,
				CDAE7E4F2A0963A200B1D2C3 /* EmotionCarouselView.swift in Sources */,
				3D221BD92A07B26C00501A18 /* MC2_Team7_FighringApp.swift in Sources */,
				AEA059E22A08CE4E00DEE144 /* LetterView.swift in Sources */,
				114603732A0A918000BCA7F2 /* EnvelopeCarouseView.swift in Sources */,
				3D221C0B2A08903000501A18 /* FrontCardView.swift in Sources */,
				3D221C0F2A089ADE00501A18 /* LoadingView.swift in Sources */,
				3D87BD622A0A550C004B2C08 /* TypeData.swift in Sources */,
				3D221C052A0886CF00501A18 /* LockedResult.swift in Sources */,
				CDAE7E4D2A094C1200B1D2C3 /* EmotionSelectView.swift in Sources */,
				AEF2EDD42A09E8F500C3CF98 /* QuestionModel.xcdatamodeld in Sources */,
				6C11F0BF2A08A107004D60A0 /* DailyTest.swift in Sources */,
				3D221C072A0889BC00501A18 /* MyResultSheet.swift in Sources */,
				3D221C092A088D8400501A18 /* TestMain.swift in Sources */,
				AEF2EDD62A09EA0D00C3CF98 /* DataController.swift in Sources */,
				3D221BEF2A07B5AA00501A18 /* LoverHome.swift in Sources */,
				1146036D2A09DFA900BCA7F2 /* LoverDetail.swift in Sources */,
				CDAE7E3F2A088E1700B1D2C3 /* OnBoardingMainView.swift in Sources */,
				3D221C132A08CC6100501A18 /* BackCardView.swift in Sources */,
				3D221C112A089EE700501A18 /* TestSheet.swift in Sources */,
				CDAE7E512A0963E800B1D2C3 /* Emotion.swift in Sources */,
			);
			runOnlyForDeploymentPostprocessing = 0;
		};
/* End PBXSourcesBuildPhase section */

/* Begin XCBuildConfiguration section */
		3D221BE12A07B26D00501A18 /* Debug */ = {
			isa = XCBuildConfiguration;
			buildSettings = {
				ALWAYS_SEARCH_USER_PATHS = NO;
				CLANG_ANALYZER_NONNULL = YES;
				CLANG_ANALYZER_NUMBER_OBJECT_CONVERSION = YES_AGGRESSIVE;
				CLANG_CXX_LANGUAGE_STANDARD = "gnu++20";
				CLANG_ENABLE_MODULES = YES;
				CLANG_ENABLE_OBJC_ARC = YES;
				CLANG_ENABLE_OBJC_WEAK = YES;
				CLANG_WARN_BLOCK_CAPTURE_AUTORELEASING = YES;
				CLANG_WARN_BOOL_CONVERSION = YES;
				CLANG_WARN_COMMA = YES;
				CLANG_WARN_CONSTANT_CONVERSION = YES;
				CLANG_WARN_DEPRECATED_OBJC_IMPLEMENTATIONS = YES;
				CLANG_WARN_DIRECT_OBJC_ISA_USAGE = YES_ERROR;
				CLANG_WARN_DOCUMENTATION_COMMENTS = YES;
				CLANG_WARN_EMPTY_BODY = YES;
				CLANG_WARN_ENUM_CONVERSION = YES;
				CLANG_WARN_INFINITE_RECURSION = YES;
				CLANG_WARN_INT_CONVERSION = YES;
				CLANG_WARN_NON_LITERAL_NULL_CONVERSION = YES;
				CLANG_WARN_OBJC_IMPLICIT_RETAIN_SELF = YES;
				CLANG_WARN_OBJC_LITERAL_CONVERSION = YES;
				CLANG_WARN_OBJC_ROOT_CLASS = YES_ERROR;
				CLANG_WARN_QUOTED_INCLUDE_IN_FRAMEWORK_HEADER = YES;
				CLANG_WARN_RANGE_LOOP_ANALYSIS = YES;
				CLANG_WARN_STRICT_PROTOTYPES = YES;
				CLANG_WARN_SUSPICIOUS_MOVE = YES;
				CLANG_WARN_UNGUARDED_AVAILABILITY = YES_AGGRESSIVE;
				CLANG_WARN_UNREACHABLE_CODE = YES;
				CLANG_WARN__DUPLICATE_METHOD_MATCH = YES;
				COPY_PHASE_STRIP = NO;
				DEBUG_INFORMATION_FORMAT = dwarf;
				ENABLE_STRICT_OBJC_MSGSEND = YES;
				ENABLE_TESTABILITY = YES;
				GCC_C_LANGUAGE_STANDARD = gnu11;
				GCC_DYNAMIC_NO_PIC = NO;
				GCC_NO_COMMON_BLOCKS = YES;
				GCC_OPTIMIZATION_LEVEL = 0;
				GCC_PREPROCESSOR_DEFINITIONS = (
					"DEBUG=1",
					"$(inherited)",
				);
				GCC_WARN_64_TO_32_BIT_CONVERSION = YES;
				GCC_WARN_ABOUT_RETURN_TYPE = YES_ERROR;
				GCC_WARN_UNDECLARED_SELECTOR = YES;
				GCC_WARN_UNINITIALIZED_AUTOS = YES_AGGRESSIVE;
				GCC_WARN_UNUSED_FUNCTION = YES;
				GCC_WARN_UNUSED_VARIABLE = YES;
				IPHONEOS_DEPLOYMENT_TARGET = 16.2;
				MTL_ENABLE_DEBUG_INFO = INCLUDE_SOURCE;
				MTL_FAST_MATH = YES;
				ONLY_ACTIVE_ARCH = YES;
				SDKROOT = iphoneos;
				SWIFT_ACTIVE_COMPILATION_CONDITIONS = DEBUG;
				SWIFT_OPTIMIZATION_LEVEL = "-Onone";
			};
			name = Debug;
		};
		3D221BE22A07B26D00501A18 /* Release */ = {
			isa = XCBuildConfiguration;
			buildSettings = {
				ALWAYS_SEARCH_USER_PATHS = NO;
				CLANG_ANALYZER_NONNULL = YES;
				CLANG_ANALYZER_NUMBER_OBJECT_CONVERSION = YES_AGGRESSIVE;
				CLANG_CXX_LANGUAGE_STANDARD = "gnu++20";
				CLANG_ENABLE_MODULES = YES;
				CLANG_ENABLE_OBJC_ARC = YES;
				CLANG_ENABLE_OBJC_WEAK = YES;
				CLANG_WARN_BLOCK_CAPTURE_AUTORELEASING = YES;
				CLANG_WARN_BOOL_CONVERSION = YES;
				CLANG_WARN_COMMA = YES;
				CLANG_WARN_CONSTANT_CONVERSION = YES;
				CLANG_WARN_DEPRECATED_OBJC_IMPLEMENTATIONS = YES;
				CLANG_WARN_DIRECT_OBJC_ISA_USAGE = YES_ERROR;
				CLANG_WARN_DOCUMENTATION_COMMENTS = YES;
				CLANG_WARN_EMPTY_BODY = YES;
				CLANG_WARN_ENUM_CONVERSION = YES;
				CLANG_WARN_INFINITE_RECURSION = YES;
				CLANG_WARN_INT_CONVERSION = YES;
				CLANG_WARN_NON_LITERAL_NULL_CONVERSION = YES;
				CLANG_WARN_OBJC_IMPLICIT_RETAIN_SELF = YES;
				CLANG_WARN_OBJC_LITERAL_CONVERSION = YES;
				CLANG_WARN_OBJC_ROOT_CLASS = YES_ERROR;
				CLANG_WARN_QUOTED_INCLUDE_IN_FRAMEWORK_HEADER = YES;
				CLANG_WARN_RANGE_LOOP_ANALYSIS = YES;
				CLANG_WARN_STRICT_PROTOTYPES = YES;
				CLANG_WARN_SUSPICIOUS_MOVE = YES;
				CLANG_WARN_UNGUARDED_AVAILABILITY = YES_AGGRESSIVE;
				CLANG_WARN_UNREACHABLE_CODE = YES;
				CLANG_WARN__DUPLICATE_METHOD_MATCH = YES;
				COPY_PHASE_STRIP = NO;
				DEBUG_INFORMATION_FORMAT = "dwarf-with-dsym";
				ENABLE_NS_ASSERTIONS = NO;
				ENABLE_STRICT_OBJC_MSGSEND = YES;
				GCC_C_LANGUAGE_STANDARD = gnu11;
				GCC_NO_COMMON_BLOCKS = YES;
				GCC_WARN_64_TO_32_BIT_CONVERSION = YES;
				GCC_WARN_ABOUT_RETURN_TYPE = YES_ERROR;
				GCC_WARN_UNDECLARED_SELECTOR = YES;
				GCC_WARN_UNINITIALIZED_AUTOS = YES_AGGRESSIVE;
				GCC_WARN_UNUSED_FUNCTION = YES;
				GCC_WARN_UNUSED_VARIABLE = YES;
				IPHONEOS_DEPLOYMENT_TARGET = 16.2;
				MTL_ENABLE_DEBUG_INFO = NO;
				MTL_FAST_MATH = YES;
				SDKROOT = iphoneos;
				SWIFT_COMPILATION_MODE = wholemodule;
				SWIFT_OPTIMIZATION_LEVEL = "-O";
				VALIDATE_PRODUCT = YES;
			};
			name = Release;
		};
		3D221BE42A07B26D00501A18 /* Debug */ = {
			isa = XCBuildConfiguration;
			buildSettings = {
				ASSETCATALOG_COMPILER_APPICON_NAME = AppIcon;
				ASSETCATALOG_COMPILER_GLOBAL_ACCENT_COLOR_NAME = AccentColor;
				CODE_SIGN_STYLE = Automatic;
				CURRENT_PROJECT_VERSION = 1;
				DEVELOPMENT_ASSET_PATHS = "\"MC2-Team7-Fighring/Preview Content\"";
				DEVELOPMENT_TEAM = BKVJ4G5G3J;
				ENABLE_PREVIEWS = YES;
				GENERATE_INFOPLIST_FILE = YES;
				INFOPLIST_KEY_UIApplicationSceneManifest_Generation = YES;
				INFOPLIST_KEY_UIApplicationSupportsIndirectInputEvents = YES;
				INFOPLIST_KEY_UILaunchScreen_Generation = YES;
				INFOPLIST_KEY_UISupportedInterfaceOrientations_iPad = "UIInterfaceOrientationPortrait UIInterfaceOrientationPortraitUpsideDown UIInterfaceOrientationLandscapeLeft UIInterfaceOrientationLandscapeRight";
				INFOPLIST_KEY_UISupportedInterfaceOrientations_iPhone = "UIInterfaceOrientationPortrait UIInterfaceOrientationLandscapeLeft UIInterfaceOrientationLandscapeRight";
				LD_RUNPATH_SEARCH_PATHS = (
					"$(inherited)",
					"@executable_path/Frameworks",
				);
				MARKETING_VERSION = 1.0;
				PRODUCT_BUNDLE_IDENTIFIER = "seunggyun.MC2-Team7-Fighring";
				PRODUCT_NAME = "$(TARGET_NAME)";
				SWIFT_EMIT_LOC_STRINGS = YES;
				SWIFT_VERSION = 5.0;
				TARGETED_DEVICE_FAMILY = "1,2";
			};
			name = Debug;
		};
		3D221BE52A07B26D00501A18 /* Release */ = {
			isa = XCBuildConfiguration;
			buildSettings = {
				ASSETCATALOG_COMPILER_APPICON_NAME = AppIcon;
				ASSETCATALOG_COMPILER_GLOBAL_ACCENT_COLOR_NAME = AccentColor;
				CODE_SIGN_STYLE = Automatic;
				CURRENT_PROJECT_VERSION = 1;
				DEVELOPMENT_ASSET_PATHS = "\"MC2-Team7-Fighring/Preview Content\"";
				DEVELOPMENT_TEAM = BKVJ4G5G3J;
				ENABLE_PREVIEWS = YES;
				GENERATE_INFOPLIST_FILE = YES;
				INFOPLIST_KEY_UIApplicationSceneManifest_Generation = YES;
				INFOPLIST_KEY_UIApplicationSupportsIndirectInputEvents = YES;
				INFOPLIST_KEY_UILaunchScreen_Generation = YES;
				INFOPLIST_KEY_UISupportedInterfaceOrientations_iPad = "UIInterfaceOrientationPortrait UIInterfaceOrientationPortraitUpsideDown UIInterfaceOrientationLandscapeLeft UIInterfaceOrientationLandscapeRight";
				INFOPLIST_KEY_UISupportedInterfaceOrientations_iPhone = "UIInterfaceOrientationPortrait UIInterfaceOrientationLandscapeLeft UIInterfaceOrientationLandscapeRight";
				LD_RUNPATH_SEARCH_PATHS = (
					"$(inherited)",
					"@executable_path/Frameworks",
				);
				MARKETING_VERSION = 1.0;
				PRODUCT_BUNDLE_IDENTIFIER = "seunggyun.MC2-Team7-Fighring";
				PRODUCT_NAME = "$(TARGET_NAME)";
				SWIFT_EMIT_LOC_STRINGS = YES;
				SWIFT_VERSION = 5.0;
				TARGETED_DEVICE_FAMILY = "1,2";
			};
			name = Release;
		};
/* End XCBuildConfiguration section */

/* Begin XCConfigurationList section */
		3D221BD02A07B26C00501A18 /* Build configuration list for PBXProject "MC2-Team7-Fighring" */ = {
			isa = XCConfigurationList;
			buildConfigurations = (
				3D221BE12A07B26D00501A18 /* Debug */,
				3D221BE22A07B26D00501A18 /* Release */,
			);
			defaultConfigurationIsVisible = 0;
			defaultConfigurationName = Release;
		};
		3D221BE32A07B26D00501A18 /* Build configuration list for PBXNativeTarget "MC2-Team7-Fighring" */ = {
			isa = XCConfigurationList;
			buildConfigurations = (
				3D221BE42A07B26D00501A18 /* Debug */,
				3D221BE52A07B26D00501A18 /* Release */,
			);
			defaultConfigurationIsVisible = 0;
			defaultConfigurationName = Release;
		};
/* End XCConfigurationList section */

/* Begin XCVersionGroup section */
		AEF2EDD22A09E8F500C3CF98 /* QuestionModel.xcdatamodeld */ = {
			isa = XCVersionGroup;
			children = (
				AEF2EDD32A09E8F500C3CF98 /* QuestionModel.xcdatamodel */,
			);
			currentVersion = AEF2EDD32A09E8F500C3CF98 /* QuestionModel.xcdatamodel */;
			path = QuestionModel.xcdatamodeld;
			sourceTree = "<group>";
			versionGroupType = wrapper.xcdatamodel;
		};
/* End XCVersionGroup section */
	};
	rootObject = 3D221BCD2A07B26C00501A18 /* Project object */;
}
